
Microsoft Visual Studio Solution File, Format Version 12.00
# Visual Studio 15
VisualStudioVersion = 15.0.28307.136
MinimumVisualStudioVersion = 10.0.40219.1
Project("{FAE04EC0-301F-11D3-BF4B-00C04F79EFBC}") = "Sales.Android", "Sales\Sales.Android\Sales.Android.csproj", "{2C62FD07-4761-4B8D-B876-DB62EB16FF9C}"
EndProject
Project("{FAE04EC0-301F-11D3-BF4B-00C04F79EFBC}") = "Sales.iOS", "Sales\Sales.iOS\Sales.iOS.csproj", "{2E814214-F8FC-4940-9A9B-1C3B55180077}"
EndProject
Project("{FAE04EC0-301F-11D3-BF4B-00C04F79EFBC}") = "Sales", "Sales\Sales\Sales.csproj", "{3C3A5132-82E7-49C2-877B-19404454FC33}"
EndProject
Project("{FAE04EC0-301F-11D3-BF4B-00C04F79EFBC}") = "Sales.Backend", "Sales.Backend\Sales.Backend.csproj", "{1C9F6AF5-4D24-4852-84FB-7BB4E10C73BF}"
EndProject
Project("{FAE04EC0-301F-11D3-BF4B-00C04F79EFBC}") = "Sales.Domain", "Sales.Domain\Sales.Domain.csproj", "{4FB44109-6880-4216-B9E2-BB47E51F8869}"
EndProject
Project("{FAE04EC0-301F-11D3-BF4B-00C04F79EFBC}") = "Sales.Common", "Sales.Common\Sales.Common.csproj", "{7D86887C-1B3D-42FE-AE15-6F3D7F0ACF73}"
EndProject
Project("{FAE04EC0-301F-11D3-BF4B-00C04F79EFBC}") = "Sales.API", "Sales.API\Sales.API.csproj", "{8FA89BDB-7C9C-4E44-A517-A6A8B4E7571E}"
EndProject
Global
	GlobalSection(SolutionConfigurationPlatforms) = preSolution
		Ad-Hoc|Any CPU = Ad-Hoc|Any CPU
		Ad-Hoc|iPhone = Ad-Hoc|iPhone
		Ad-Hoc|iPhoneSimulator = Ad-Hoc|iPhoneSimulator
		AppStore|Any CPU = AppStore|Any CPU
		AppStore|iPhone = AppStore|iPhone
		AppStore|iPhoneSimulator = AppStore|iPhoneSimulator
		Debug|Any CPU = Debug|Any CPU
		Debug|iPhone = Debug|iPhone
		Debug|iPhoneSimulator = Debug|iPhoneSimulator
		Release|Any CPU = Release|Any CPU
		Release|iPhone = Release|iPhone
		Release|iPhoneSimulator = Release|iPhoneSimulator
	EndGlobalSection
	GlobalSection(ProjectConfigurationPlatforms) = postSolution
		{2C62FD07-4761-4B8D-B876-DB62EB16FF9C}.Ad-Hoc|Any CPU.ActiveCfg = Release|Any CPU
		{2C62FD07-4761-4B8D-B876-DB62EB16FF9C}.Ad-Hoc|Any CPU.Build.0 = Release|Any CPU
		{2C62FD07-4761-4B8D-B876-DB62EB16FF9C}.Ad-Hoc|Any CPU.Deploy.0 = Release|Any CPU
		{2C62FD07-4761-4B8D-B876-DB62EB16FF9C}.Ad-Hoc|iPhone.ActiveCfg = Release|Any CPU
		{2C62FD07-4761-4B8D-B876-DB62EB16FF9C}.Ad-Hoc|iPhone.Build.0 = Release|Any CPU
		{2C62FD07-4761-4B8D-B876-DB62EB16FF9C}.Ad-Hoc|iPhone.Deploy.0 = Release|Any CPU
		{2C62FD07-4761-4B8D-B876-DB62EB16FF9C}.Ad-Hoc|iPhoneSimulator.ActiveCfg = Release|Any CPU
		{2C62FD07-4761-4B8D-B876-DB62EB16FF9C}.Ad-Hoc|iPhoneSimulator.Build.0 = Release|Any CPU
		{2C62FD07-4761-4B8D-B876-DB62EB16FF9C}.Ad-Hoc|iPhoneSimulator.Deploy.0 = Release|Any CPU
		{2C62FD07-4761-4B8D-B876-DB62EB16FF9C}.AppStore|Any CPU.ActiveCfg = Release|Any CPU
		{2C62FD07-4761-4B8D-B876-DB62EB16FF9C}.AppStore|Any CPU.Build.0 = Release|Any CPU
		{2C62FD07-4761-4B8D-B876-DB62EB16FF9C}.AppStore|Any CPU.Deploy.0 = Release|Any CPU
		{2C62FD07-4761-4B8D-B876-DB62EB16FF9C}.AppStore|iPhone.ActiveCfg = Release|Any CPU
		{2C62FD07-4761-4B8D-B876-DB62EB16FF9C}.AppStore|iPhone.Build.0 = Release|Any CPU
		{2C62FD07-4761-4B8D-B876-DB62EB16FF9C}.AppStore|iPhone.Deploy.0 = Release|Any CPU
		{2C62FD07-4761-4B8D-B876-DB62EB16FF9C}.AppStore|iPhoneSimulator.ActiveCfg = Release|Any CPU
		{2C62FD07-4761-4B8D-B876-DB62EB16FF9C}.AppStore|iPhoneSimulator.Build.0 = Release|Any CPU
		{2C62FD07-4761-4B8D-B876-DB62EB16FF9C}.AppStore|iPhoneSimulator.Deploy.0 = Release|Any CPU
		{2C62FD07-4761-4B8D-B876-DB62EB16FF9C}.Debug|Any CPU.ActiveCfg = Debug|Any CPU
		{2C62FD07-4761-4B8D-B876-DB62EB16FF9C}.Debug|Any CPU.Build.0 = Debug|Any CPU
		{2C62FD07-4761-4B8D-B876-DB62EB16FF9C}.Debug|Any CPU.Deploy.0 = Debug|Any CPU
		{2C62FD07-4761-4B8D-B876-DB62EB16FF9C}.Debug|iPhone.ActiveCfg = Debug|Any CPU
		{2C62FD07-4761-4B8D-B876-DB62EB16FF9C}.Debug|iPhone.Build.0 = Debug|Any CPU
		{2C62FD07-4761-4B8D-B876-DB62EB16FF9C}.Debug|iPhone.Deploy.0 = Debug|Any CPU
		{2C62FD07-4761-4B8D-B876-DB62EB16FF9C}.Debug|iPhoneSimulator.ActiveCfg = Debug|Any CPU
		{2C62FD07-4761-4B8D-B876-DB62EB16FF9C}.Debug|iPhoneSimulator.Build.0 = Debug|Any CPU
		{2C62FD07-4761-4B8D-B876-DB62EB16FF9C}.Debug|iPhoneSimulator.Deploy.0 = Debug|Any CPU
		{2C62FD07-4761-4B8D-B876-DB62EB16FF9C}.Release|Any CPU.ActiveCfg = Release|Any CPU
		{2C62FD07-4761-4B8D-B876-DB62EB16FF9C}.Release|Any CPU.Build.0 = Release|Any CPU
		{2C62FD07-4761-4B8D-B876-DB62EB16FF9C}.Release|Any CPU.Deploy.0 = Release|Any CPU
		{2C62FD07-4761-4B8D-B876-DB62EB16FF9C}.Release|iPhone.ActiveCfg = Release|Any CPU
		{2C62FD07-4761-4B8D-B876-DB62EB16FF9C}.Release|iPhone.Build.0 = Release|Any CPU
		{2C62FD07-4761-4B8D-B876-DB62EB16FF9C}.Release|iPhone.Deploy.0 = Release|Any CPU
		{2C62FD07-4761-4B8D-B876-DB62EB16FF9C}.Release|iPhoneSimulator.ActiveCfg = Release|Any CPU
		{2C62FD07-4761-4B8D-B876-DB62EB16FF9C}.Release|iPhoneSimulator.Build.0 = Release|Any CPU
		{2C62FD07-4761-4B8D-B876-DB62EB16FF9C}.Release|iPhoneSimulator.Deploy.0 = Release|Any CPU
		{2E814214-F8FC-4940-9A9B-1C3B55180077}.Ad-Hoc|Any CPU.ActiveCfg = Ad-Hoc|iPhone
		{2E814214-F8FC-4940-9A9B-1C3B55180077}.Ad-Hoc|Any CPU.Build.0 = Ad-Hoc|iPhone
		{2E814214-F8FC-4940-9A9B-1C3B55180077}.Ad-Hoc|Any CPU.Deploy.0 = Ad-Hoc|iPhone
		{2E814214-F8FC-4940-9A9B-1C3B55180077}.Ad-Hoc|iPhone.ActiveCfg = Ad-Hoc|iPhone
		{2E814214-F8FC-4940-9A9B-1C3B55180077}.Ad-Hoc|iPhone.Build.0 = Ad-Hoc|iPhone
		{2E814214-F8FC-4940-9A9B-1C3B55180077}.Ad-Hoc|iPhone.Deploy.0 = Ad-Hoc|iPhone
		{2E814214-F8FC-4940-9A9B-1C3B55180077}.Ad-Hoc|iPhoneSimulator.ActiveCfg = Ad-Hoc|iPhoneSimulator
		{2E814214-F8FC-4940-9A9B-1C3B55180077}.Ad-Hoc|iPhoneSimulator.Build.0 = Ad-Hoc|iPhoneSimulator
		{2E814214-F8FC-4940-9A9B-1C3B55180077}.Ad-Hoc|iPhoneSimulator.Deploy.0 = Ad-Hoc|iPhoneSimulator
		{2E814214-F8FC-4940-9A9B-1C3B55180077}.AppStore|Any CPU.ActiveCfg = AppStore|iPhone
		{2E814214-F8FC-4940-9A9B-1C3B55180077}.AppStore|Any CPU.Build.0 = AppStore|iPhone
		{2E814214-F8FC-4940-9A9B-1C3B55180077}.AppStore|Any CPU.Deploy.0 = AppStore|iPhone
		{2E814214-F8FC-4940-9A9B-1C3B55180077}.AppStore|iPhone.ActiveCfg = AppStore|iPhone
		{2E814214-F8FC-4940-9A9B-1C3B55180077}.AppStore|iPhone.Build.0 = AppStore|iPhone
		{2E814214-F8FC-4940-9A9B-1C3B55180077}.AppStore|iPhone.Deploy.0 = AppStore|iPhone
		{2E814214-F8FC-4940-9A9B-1C3B55180077}.AppStore|iPhoneSimulator.ActiveCfg = AppStore|iPhoneSimulator
		{2E814214-F8FC-4940-9A9B-1C3B55180077}.AppStore|iPhoneSimulator.Build.0 = AppStore|iPhoneSimulator
		{2E814214-F8FC-4940-9A9B-1C3B55180077}.AppStore|iPhoneSimulator.Deploy.0 = AppStore|iPhoneSimulator
		{2E814214-F8FC-4940-9A9B-1C3B55180077}.Debug|Any CPU.ActiveCfg = Debug|iPhoneSimulator
		{2E814214-F8FC-4940-9A9B-1C3B55180077}.Debug|Any CPU.Build.0 = Debug|iPhoneSimulator
		{2E814214-F8FC-4940-9A9B-1C3B55180077}.Debug|Any CPU.Deploy.0 = Debug|iPhoneSimulator
		{2E814214-F8FC-4940-9A9B-1C3B55180077}.Debug|iPhone.ActiveCfg = Debug|iPhone
		{2E814214-F8FC-4940-9A9B-1C3B55180077}.Debug|iPhone.Build.0 = Debug|iPhone
		{2E814214-F8FC-4940-9A9B-1C3B55180077}.Debug|iPhone.Deploy.0 = Debug|iPhone
		{2E814214-F8FC-4940-9A9B-1C3B55180077}.Debug|iPhoneSimulator.ActiveCfg = Debug|iPhoneSimulator
		{2E814214-F8FC-4940-9A9B-1C3B55180077}.Debug|iPhoneSimulator.Build.0 = Debug|iPhoneSimulator
		{2E814214-F8FC-4940-9A9B-1C3B55180077}.Debug|iPhoneSimulator.Deploy.0 = Debug|iPhoneSimulator
		{2E814214-F8FC-4940-9A9B-1C3B55180077}.Release|Any CPU.ActiveCfg = Release|iPhone
		{2E814214-F8FC-4940-9A9B-1C3B55180077}.Release|Any CPU.Build.0 = Release|iPhone
		{2E814214-F8FC-4940-9A9B-1C3B55180077}.Release|Any CPU.Deploy.0 = Release|iPhone
		{2E814214-F8FC-4940-9A9B-1C3B55180077}.Release|iPhone.ActiveCfg = Release|iPhone
		{2E814214-F8FC-4940-9A9B-1C3B55180077}.Release|iPhone.Build.0 = Release|iPhone
		{2E814214-F8FC-4940-9A9B-1C3B55180077}.Release|iPhone.Deploy.0 = Release|iPhone
		{2E814214-F8FC-4940-9A9B-1C3B55180077}.Release|iPhoneSimulator.ActiveCfg = Release|iPhoneSimulator
		{2E814214-F8FC-4940-9A9B-1C3B55180077}.Release|iPhoneSimulator.Build.0 = Release|iPhoneSimulator
		{2E814214-F8FC-4940-9A9B-1C3B55180077}.Release|iPhoneSimulator.Deploy.0 = Release|iPhoneSimulator
		{3C3A5132-82E7-49C2-877B-19404454FC33}.Ad-Hoc|Any CPU.ActiveCfg = Debug|Any CPU
		{3C3A5132-82E7-49C2-877B-19404454FC33}.Ad-Hoc|Any CPU.Build.0 = Debug|Any CPU
		{3C3A5132-82E7-49C2-877B-19404454FC33}.Ad-Hoc|Any CPU.Deploy.0 = Debug|Any CPU
		{3C3A5132-82E7-49C2-877B-19404454FC33}.Ad-Hoc|iPhone.ActiveCfg = Debug|Any CPU
		{3C3A5132-82E7-49C2-877B-19404454FC33}.Ad-Hoc|iPhone.Build.0 = Debug|Any CPU
		{3C3A5132-82E7-49C2-877B-19404454FC33}.Ad-Hoc|iPhone.Deploy.0 = Debug|Any CPU
		{3C3A5132-82E7-49C2-877B-19404454FC33}.Ad-Hoc|iPhoneSimulator.ActiveCfg = Debug|Any CPU
		{3C3A5132-82E7-49C2-877B-19404454FC33}.Ad-Hoc|iPhoneSimulator.Build.0 = Debug|Any CPU
		{3C3A5132-82E7-49C2-877B-19404454FC33}.Ad-Hoc|iPhoneSimulator.Deploy.0 = Debug|Any CPU
		{3C3A5132-82E7-49C2-877B-19404454FC33}.AppStore|Any CPU.ActiveCfg = Debug|Any CPU
		{3C3A5132-82E7-49C2-877B-19404454FC33}.AppStore|Any CPU.Build.0 = Debug|Any CPU
		{3C3A5132-82E7-49C2-877B-19404454FC33}.AppStore|Any CPU.Deploy.0 = Debug|Any CPU
		{3C3A5132-82E7-49C2-877B-19404454FC33}.AppStore|iPhone.ActiveCfg = Debug|Any CPU
		{3C3A5132-82E7-49C2-877B-19404454FC33}.AppStore|iPhone.Build.0 = Debug|Any CPU
		{3C3A5132-82E7-49C2-877B-19404454FC33}.AppStore|iPhone.Deploy.0 = Debug|Any CPU
		{3C3A5132-82E7-49C2-877B-19404454FC33}.AppStore|iPhoneSimulator.ActiveCfg = Debug|Any CPU
		{3C3A5132-82E7-49C2-877B-19404454FC33}.AppStore|iPhoneSimulator.Build.0 = Debug|Any CPU
		{3C3A5132-82E7-49C2-877B-19404454FC33}.AppStore|iPhoneSimulator.Deploy.0 = Debug|Any CPU
		{3C3A5132-82E7-49C2-877B-19404454FC33}.Debug|Any CPU.ActiveCfg = Debug|Any CPU
		{3C3A5132-82E7-49C2-877B-19404454FC33}.Debug|Any CPU.Build.0 = Debug|Any CPU
		{3C3A5132-82E7-49C2-877B-19404454FC33}.Debug|Any CPU.Deploy.0 = Debug|Any CPU
		{3C3A5132-82E7-49C2-877B-19404454FC33}.Debug|iPhone.ActiveCfg = Debug|Any CPU
		{3C3A5132-82E7-49C2-877B-19404454FC33}.Debug|iPhone.Build.0 = Debug|Any CPU
		{3C3A5132-82E7-49C2-877B-19404454FC33}.Debug|iPhone.Deploy.0 = Debug|Any CPU
		{3C3A5132-82E7-49C2-877B-19404454FC33}.Debug|iPhoneSimulator.ActiveCfg = Debug|Any CPU
		{3C3A5132-82E7-49C2-877B-19404454FC33}.Debug|iPhoneSimulator.Build.0 = Debug|Any CPU
		{3C3A5132-82E7-49C2-877B-19404454FC33}.Debug|iPhoneSimulator.Deploy.0 = Debug|Any CPU
		{3C3A5132-82E7-49C2-877B-19404454FC33}.Release|Any CPU.ActiveCfg = Release|Any CPU
		{3C3A5132-82E7-49C2-877B-19404454FC33}.Release|Any CPU.Build.0 = Release|Any CPU
		{3C3A5132-82E7-49C2-877B-19404454FC33}.Release|Any CPU.Deploy.0 = Release|Any CPU
		{3C3A5132-82E7-49C2-877B-19404454FC33}.Release|iPhone.ActiveCfg = Release|Any CPU
		{3C3A5132-82E7-49C2-877B-19404454FC33}.Release|iPhone.Build.0 = Release|Any CPU
		{3C3A5132-82E7-49C2-877B-19404454FC33}.Release|iPhone.Deploy.0 = Release|Any CPU
		{3C3A5132-82E7-49C2-877B-19404454FC33}.Release|iPhoneSimulator.ActiveCfg = Release|Any CPU
		{3C3A5132-82E7-49C2-877B-19404454FC33}.Release|iPhoneSimulator.Build.0 = Release|Any CPU
		{3C3A5132-82E7-49C2-877B-19404454FC33}.Release|iPhoneSimulator.Deploy.0 = Release|Any CPU
		{1C9F6AF5-4D24-4852-84FB-7BB4E10C73BF}.Ad-Hoc|Any CPU.ActiveCfg = Release|Any CPU
		{1C9F6AF5-4D24-4852-84FB-7BB4E10C73BF}.Ad-Hoc|Any CPU.Build.0 = Release|Any CPU
		{1C9F6AF5-4D24-4852-84FB-7BB4E10C73BF}.Ad-Hoc|iPhone.ActiveCfg = Release|Any CPU
		{1C9F6AF5-4D24-4852-84FB-7BB4E10C73BF}.Ad-Hoc|iPhone.Build.0 = Release|Any CPU
		{1C9F6AF5-4D24-4852-84FB-7BB4E10C73BF}.Ad-Hoc|iPhoneSimulator.ActiveCfg = Release|Any CPU
		{1C9F6AF5-4D24-4852-84FB-7BB4E10C73BF}.Ad-Hoc|iPhoneSimulator.Build.0 = Release|Any CPU
		{1C9F6AF5-4D24-4852-84FB-7BB4E10C73BF}.AppStore|Any CPU.ActiveCfg = Release|Any CPU
		{1C9F6AF5-4D24-4852-84FB-7BB4E10C73BF}.AppStore|Any CPU.Build.0 = Release|Any CPU
		{1C9F6AF5-4D24-4852-84FB-7BB4E10C73BF}.AppStore|iPhone.ActiveCfg = Release|Any CPU
		{1C9F6AF5-4D24-4852-84FB-7BB4E10C73BF}.AppStore|iPhone.Build.0 = Release|Any CPU
		{1C9F6AF5-4D24-4852-84FB-7BB4E10C73BF}.AppStore|iPhoneSimulator.ActiveCfg = Release|Any CPU
		{1C9F6AF5-4D24-4852-84FB-7BB4E10C73BF}.AppStore|iPhoneSimulator.Build.0 = Release|Any CPU
		{1C9F6AF5-4D24-4852-84FB-7BB4E10C73BF}.Debug|Any CPU.ActiveCfg = Debug|Any CPU
		{1C9F6AF5-4D24-4852-84FB-7BB4E10C73BF}.Debug|Any CPU.Build.0 = Debug|Any CPU
		{1C9F6AF5-4D24-4852-84FB-7BB4E10C73BF}.Debug|iPhone.ActiveCfg = Debug|Any CPU
		{1C9F6AF5-4D24-4852-84FB-7BB4E10C73BF}.Debug|iPhone.Build.0 = Debug|Any CPU
		{1C9F6AF5-4D24-4852-84FB-7BB4E10C73BF}.Debug|iPhoneSimulator.ActiveCfg = Debug|Any CPU
		{1C9F6AF5-4D24-4852-84FB-7BB4E10C73BF}.Debug|iPhoneSimulator.Build.0 = Debug|Any CPU
		{1C9F6AF5-4D24-4852-84FB-7BB4E10C73BF}.Release|Any CPU.ActiveCfg = Release|Any CPU
		{1C9F6AF5-4D24-4852-84FB-7BB4E10C73BF}.Release|Any CPU.Build.0 = Release|Any CPU
		{1C9F6AF5-4D24-4852-84FB-7BB4E10C73BF}.Release|iPhone.ActiveCfg = Release|Any CPU
		{1C9F6AF5-4D24-4852-84FB-7BB4E10C73BF}.Release|iPhone.Build.0 = Release|Any CPU
		{1C9F6AF5-4D24-4852-84FB-7BB4E10C73BF}.Release|iPhoneSimulator.ActiveCfg = Release|Any CPU
		{1C9F6AF5-4D24-4852-84FB-7BB4E10C73BF}.Release|iPhoneSimulator.Build.0 = Release|Any CPU
		{4FB44109-6880-4216-B9E2-BB47E51F8869}.Ad-Hoc|Any CPU.ActiveCfg = Release|Any CPU
		{4FB44109-6880-4216-B9E2-BB47E51F8869}.Ad-Hoc|Any CPU.Build.0 = Release|Any CPU
		{4FB44109-6880-4216-B9E2-BB47E51F8869}.Ad-Hoc|iPhone.ActiveCfg = Release|Any CPU
		{4FB44109-6880-4216-B9E2-BB47E51F8869}.Ad-Hoc|iPhone.Build.0 = Release|Any CPU
		{4FB44109-6880-4216-B9E2-BB47E51F8869}.Ad-Hoc|iPhoneSimulator.ActiveCfg = Release|Any CPU
		{4FB44109-6880-4216-B9E2-BB47E51F8869}.Ad-Hoc|iPhoneSimulator.Build.0 = Release|Any CPU
		{4FB44109-6880-4216-B9E2-BB47E51F8869}.AppStore|Any CPU.ActiveCfg = Release|Any CPU
		{4FB44109-6880-4216-B9E2-BB47E51F8869}.AppStore|Any CPU.Build.0 = Release|Any CPU
		{4FB44109-6880-4216-B9E2-BB47E51F8869}.AppStore|iPhone.ActiveCfg = Release|Any CPU
		{4FB44109-6880-4216-B9E2-BB47E51F8869}.AppStore|iPhone.Build.0 = Release|Any CPU
		{4FB44109-6880-4216-B9E2-BB47E51F8869}.AppStore|iPhoneSimulator.ActiveCfg = Release|Any CPU
		{4FB44109-6880-4216-B9E2-BB47E51F8869}.AppStore|iPhoneSimulator.Build.0 = Release|Any CPU
		{4FB44109-6880-4216-B9E2-BB47E51F8869}.Debug|Any CPU.ActiveCfg = Debug|Any CPU
		{4FB44109-6880-4216-B9E2-BB47E51F8869}.Debug|Any CPU.Build.0 = Debug|Any CPU
		{4FB44109-6880-4216-B9E2-BB47E51F8869}.Debug|iPhone.ActiveCfg = Debug|Any CPU
		{4FB44109-6880-4216-B9E2-BB47E51F8869}.Debug|iPhone.Build.0 = Debug|Any CPU
		{4FB44109-6880-4216-B9E2-BB47E51F8869}.Debug|iPhoneSimulator.ActiveCfg = Debug|Any CPU
		{4FB44109-6880-4216-B9E2-BB47E51F8869}.Debug|iPhoneSimulator.Build.0 = Debug|Any CPU
		{4FB44109-6880-4216-B9E2-BB47E51F8869}.Release|Any CPU.ActiveCfg = Release|Any CPU
		{4FB44109-6880-4216-B9E2-BB47E51F8869}.Release|Any CPU.Build.0 = Release|Any CPU
		{4FB44109-6880-4216-B9E2-BB47E51F8869}.Release|iPhone.ActiveCfg = Release|Any CPU
		{4FB44109-6880-4216-B9E2-BB47E51F8869}.Release|iPhone.Build.0 = Release|Any CPU
		{4FB44109-6880-4216-B9E2-BB47E51F8869}.Release|iPhoneSimulator.ActiveCfg = Release|Any CPU
		{4FB44109-6880-4216-B9E2-BB47E51F8869}.Release|iPhoneSimulator.Build.0 = Release|Any CPU
		{7D86887C-1B3D-42FE-AE15-6F3D7F0ACF73}.Ad-Hoc|Any CPU.ActiveCfg = Release|Any CPU
		{7D86887C-1B3D-42FE-AE15-6F3D7F0ACF73}.Ad-Hoc|Any CPU.Build.0 = Release|Any CPU
		{7D86887C-1B3D-42FE-AE15-6F3D7F0ACF73}.Ad-Hoc|iPhone.ActiveCfg = Release|Any CPU
		{7D86887C-1B3D-42FE-AE15-6F3D7F0ACF73}.Ad-Hoc|iPhone.Build.0 = Release|Any CPU
		{7D86887C-1B3D-42FE-AE15-6F3D7F0ACF73}.Ad-Hoc|iPhoneSimulator.ActiveCfg = Release|Any CPU
		{7D86887C-1B3D-42FE-AE15-6F3D7F0ACF73}.Ad-Hoc|iPhoneSimulator.Build.0 = Release|Any CPU
		{7D86887C-1B3D-42FE-AE15-6F3D7F0ACF73}.AppStore|Any CPU.ActiveCfg = Release|Any CPU
		{7D86887C-1B3D-42FE-AE15-6F3D7F0ACF73}.AppStore|Any CPU.Build.0 = Release|Any CPU
		{7D86887C-1B3D-42FE-AE15-6F3D7F0ACF73}.AppStore|iPhone.ActiveCfg = Release|Any CPU
		{7D86887C-1B3D-42FE-AE15-6F3D7F0ACF73}.AppStore|iPhone.Build.0 = Release|Any CPU
		{7D86887C-1B3D-42FE-AE15-6F3D7F0ACF73}.AppStore|iPhoneSimulator.ActiveCfg = Release|Any CPU
		{7D86887C-1B3D-42FE-AE15-6F3D7F0ACF73}.AppStore|iPhoneSimulator.Build.0 = Release|Any CPU
		{7D86887C-1B3D-42FE-AE15-6F3D7F0ACF73}.Debug|Any CPU.ActiveCfg = Debug|Any CPU
		{7D86887C-1B3D-42FE-AE15-6F3D7F0ACF73}.Debug|Any CPU.Build.0 = Debug|Any CPU
		{7D86887C-1B3D-42FE-AE15-6F3D7F0ACF73}.Debug|iPhone.ActiveCfg = Debug|Any CPU
		{7D86887C-1B3D-42FE-AE15-6F3D7F0ACF73}.Debug|iPhone.Build.0 = Debug|Any CPU
		{7D86887C-1B3D-42FE-AE15-6F3D7F0ACF73}.Debug|iPhoneSimulator.ActiveCfg = Debug|Any CPU
		{7D86887C-1B3D-42FE-AE15-6F3D7F0ACF73}.Debug|iPhoneSimulator.Build.0 = Debug|Any CPU
		{7D86887C-1B3D-42FE-AE15-6F3D7F0ACF73}.Release|Any CPU.ActiveCfg = Release|Any CPU
		{7D86887C-1B3D-42FE-AE15-6F3D7F0ACF73}.Release|Any CPU.Build.0 = Release|Any CPU
		{7D86887C-1B3D-42FE-AE15-6F3D7F0ACF73}.Release|iPhone.ActiveCfg = Release|Any CPU
		{7D86887C-1B3D-42FE-AE15-6F3D7F0ACF73}.Release|iPhone.Build.0 = Release|Any CPU
		{7D86887C-1B3D-42FE-AE15-6F3D7F0ACF73}.Release|iPhoneSimulator.ActiveCfg = Release|Any CPU
		{7D86887C-1B3D-42FE-AE15-6F3D7F0ACF73}.Release|iPhoneSimulator.Build.0 = Release|Any CPU
		{8FA89BDB-7C9C-4E44-A517-A6A8B4E7571E}.Ad-Hoc|Any CPU.ActiveCfg = Release|Any CPU
		{8FA89BDB-7C9C-4E44-A517-A6A8B4E7571E}.Ad-Hoc|Any CPU.Build.0 = Release|Any CPU
		{8FA89BDB-7C9C-4E44-A517-A6A8B4E7571E}.Ad-Hoc|iPhone.ActiveCfg = Release|Any CPU
		{8FA89BDB-7C9C-4E44-A517-A6A8B4E7571E}.Ad-Hoc|iPhone.Build.0 = Release|Any CPU
		{8FA89BDB-7C9C-4E44-A517-A6A8B4E7571E}.Ad-Hoc|iPhoneSimulator.ActiveCfg = Release|Any CPU
		{8FA89BDB-7C9C-4E44-A517-A6A8B4E7571E}.Ad-Hoc|iPhoneSimulator.Build.0 = Release|Any CPU
		{8FA89BDB-7C9C-4E44-A517-A6A8B4E7571E}.AppStore|Any CPU.ActiveCfg = Release|Any CPU
		{8FA89BDB-7C9C-4E44-A517-A6A8B4E7571E}.AppStore|Any CPU.Build.0 = Release|Any CPU
		{8FA89BDB-7C9C-4E44-A517-A6A8B4E7571E}.AppStore|iPhone.ActiveCfg = Release|Any CPU
		{8FA89BDB-7C9C-4E44-A517-A6A8B4E7571E}.AppStore|iPhone.Build.0 = Release|Any CPU
		{8FA89BDB-7C9C-4E44-A517-A6A8B4E7571E}.AppStore|iPhoneSimulator.ActiveCfg = Release|Any CPU
		{8FA89BDB-7C9C-4E44-A517-A6A8B4E7571E}.AppStore|iPhoneSimulator.Build.0 = Release|Any CPU
		{8FA89BDB-7C9C-4E44-A517-A6A8B4E7571E}.Debug|Any CPU.ActiveCfg = Debug|Any CPU
		{8FA89BDB-7C9C-4E44-A517-A6A8B4E7571E}.Debug|Any CPU.Build.0 = Debug|Any CPU
		{8FA89BDB-7C9C-4E44-A517-A6A8B4E7571E}.Debug|iPhone.ActiveCfg = Debug|Any CPU
		{8FA89BDB-7C9C-4E44-A517-A6A8B4E7571E}.Debug|iPhone.Build.0 = Debug|Any CPU
		{8FA89BDB-7C9C-4E44-A517-A6A8B4E7571E}.Debug|iPhoneSimulator.ActiveCfg = Debug|Any CPU
		{8FA89BDB-7C9C-4E44-A517-A6A8B4E7571E}.Debug|iPhoneSimulator.Build.0 = Debug|Any CPU
		{8FA89BDB-7C9C-4E44-A517-A6A8B4E7571E}.Release|Any CPU.ActiveCfg = Release|Any CPU
		{8FA89BDB-7C9C-4E44-A517-A6A8B4E7571E}.Release|Any CPU.Build.0 = Release|Any CPU
		{8FA89BDB-7C9C-4E44-A517-A6A8B4E7571E}.Release|iPhone.ActiveCfg = Release|Any CPU
		{8FA89BDB-7C9C-4E44-A517-A6A8B4E7571E}.Release|iPhone.Build.0 = Release|Any CPU
		{8FA89BDB-7C9C-4E44-A517-A6A8B4E7571E}.Release|iPhoneSimulator.ActiveCfg = Release|Any CPU
		{8FA89BDB-7C9C-4E44-A517-A6A8B4E7571E}.Release|iPhoneSimulator.Build.0 = Release|Any CPU
	EndGlobalSection
	GlobalSection(SolutionProperties) = preSolution
		HideSolutionNode = FALSE
	EndGlobalSection
	GlobalSection(ExtensibilityGlobals) = postSolution
		SolutionGuid = {7D18DAC4-B35D-48A9-B349-8221AC76777B}
	EndGlobalSection
EndGlobal
